
Microsoft Visual Studio Solution File, Format Version 12.00
# Visual Studio Version 17
VisualStudioVersion = 17.14.36414.22 d17.14
MinimumVisualStudioVersion = 10.0.40219.1
Project("{FAE04EC0-301F-11D3-BF4B-00C04F79EFBC}") = "WebApiAsistencia", "WebApiAsistencia\WebApiAsistencia.csproj", "{BD16F58C-C7AC-4D4C-AEBD-EE720C83B047}"
EndProject
Global
	GlobalSection(SolutionConfigurationPlatforms) = preSolution
		Debug|Any CPU = Debug|Any CPU
		Release|Any CPU = Release|Any CPU
	EndGlobalSection
	GlobalSection(ProjectConfigurationPlatforms) = postSolution
		{BD16F58C-C7AC-4D4C-AEBD-EE720C83B047}.Debug|Any CPU.ActiveCfg = Debug|Any CPU
		{BD16F58C-C7AC-4D4C-AEBD-EE720C83B047}.Debug|Any CPU.Build.0 = Debug|Any CPU
		{BD16F58C-C7AC-4D4C-AEBD-EE720C83B047}.Release|Any CPU.ActiveCfg = Release|Any CPU
		{BD16F58C-C7AC-4D4C-AEBD-EE720C83B047}.Release|Any CPU.Build.0 = Release|Any CPU
	EndGlobalSection
	GlobalSection(SolutionProperties) = preSolution
		HideSolutionNode = FALSE
	EndGlobalSection
	GlobalSection(ExtensibilityGlobals) = postSolution
		SolutionGuid = {D97C0942-34E4-4C23-8EDB-3616E253647C}
	EndGlobalSection
EndGlobal
